
Microsoft Visual Studio Solution File, Format Version 12.00
# Visual Studio Version 17
VisualStudioVersion = 17.13.35825.156 d17.13
MinimumVisualStudioVersion = 10.0.40219.1
Project("{FAE04EC0-301F-11D3-BF4B-00C04F79EFBC}") = "cv_site.API", "cv_site.API\cv_site.API.csproj", "{40810387-DA7F-479B-BBEE-1F1A0201805E}"
EndProject
Project("{FAE04EC0-301F-11D3-BF4B-00C04F79EFBC}") = "cv_site.Service", "cv_site.Service\cv_site.Service.csproj", "{CA967AB6-54A5-4F82-A65E-480CCD091D5D}"
EndProject
Global
	GlobalSection(SolutionConfigurationPlatforms) = preSolution
		Debug|Any CPU = Debug|Any CPU
		Release|Any CPU = Release|Any CPU
	EndGlobalSection
	GlobalSection(ProjectConfigurationPlatforms) = postSolution
		{40810387-DA7F-479B-BBEE-1F1A0201805E}.Debug|Any CPU.ActiveCfg = Debug|Any CPU
		{40810387-DA7F-479B-BBEE-1F1A0201805E}.Debug|Any CPU.Build.0 = Debug|Any CPU
		{40810387-DA7F-479B-BBEE-1F1A0201805E}.Release|Any CPU.ActiveCfg = Release|Any CPU
		{40810387-DA7F-479B-BBEE-1F1A0201805E}.Release|Any CPU.Build.0 = Release|Any CPU
		{CA967AB6-54A5-4F82-A65E-480CCD091D5D}.Debug|Any CPU.ActiveCfg = Debug|Any CPU
		{CA967AB6-54A5-4F82-A65E-480CCD091D5D}.Debug|Any CPU.Build.0 = Debug|Any CPU
		{CA967AB6-54A5-4F82-A65E-480CCD091D5D}.Release|Any CPU.ActiveCfg = Release|Any CPU
		{CA967AB6-54A5-4F82-A65E-480CCD091D5D}.Release|Any CPU.Build.0 = Release|Any CPU
	EndGlobalSection
	GlobalSection(SolutionProperties) = preSolution
		HideSolutionNode = FALSE
	EndGlobalSection
	GlobalSection(ExtensibilityGlobals) = postSolution
		SolutionGuid = {948DC53F-7CFF-4942-82DE-85C41BD13711}
	EndGlobalSection
EndGlobal
